// !$*UTF8*$!
{
	archiveVersion = 1;
	classes = {
	};
	objectVersion = 46;
	objects = {

/* Begin PBXBuildFile section */
		5B171DA91C9A60E900409AA8 /* aaaa.png in Resources */ = {isa = PBXBuildFile; fileRef = 5B171DA61C9A60E900409AA8 /* aaaa.png */; settings = {ASSET_TAGS = (); }; };
		5B171DAA1C9A60E900409AA8 /* MoeShowTableViewCell.m in Sources */ = {isa = PBXBuildFile; fileRef = 5B171DA81C9A60E900409AA8 /* MoeShowTableViewCell.m */; settings = {ASSET_TAGS = (); }; };
		5B171DAE1C9A60F400409AA8 /* TopScrollTableViewCell.m in Sources */ = {isa = PBXBuildFile; fileRef = 5B171DAD1C9A60F400409AA8 /* TopScrollTableViewCell.m */; settings = {ASSET_TAGS = (); }; };
		5BBD77F61C9B92E000FED034 /* MoEShoppingsViewController.m in Sources */ = {isa = PBXBuildFile; fileRef = 5BBD77F51C9B92E000FED034 /* MoEShoppingsViewController.m */; settings = {ASSET_TAGS = (); }; };
		5BBD77F91C9B9C0100FED034 /* GiftViewController.m in Sources */ = {isa = PBXBuildFile; fileRef = 5BBD77F81C9B9C0100FED034 /* GiftViewController.m */; settings = {ASSET_TAGS = (); }; };
		5BBD77FC1C9B9C1200FED034 /* MOEThingsViewController.m in Sources */ = {isa = PBXBuildFile; fileRef = 5BBD77FB1C9B9C1200FED034 /* MOEThingsViewController.m */; settings = {ASSET_TAGS = (); }; };
		5BBD77FF1C9B9D0300FED034 /* DelicousFoodViewController.m in Sources */ = {isa = PBXBuildFile; fileRef = 5BBD77FE1C9B9D0300FED034 /* DelicousFoodViewController.m */; settings = {ASSET_TAGS = (); }; };
		5BBD78021C9B9D4B00FED034 /* DigitalViewController.m in Sources */ = {isa = PBXBuildFile; fileRef = 5BBD78011C9B9D4B00FED034 /* DigitalViewController.m */; settings = {ASSET_TAGS = (); }; };
		5BBD78051C9B9D6E00FED034 /* AnimationViewController.m in Sources */ = {isa = PBXBuildFile; fileRef = 5BBD78041C9B9D6E00FED034 /* AnimationViewController.m */; settings = {ASSET_TAGS = (); }; };
		5BBD78081C9B9DAC00FED034 /* StationaryViewController.m in Sources */ = {isa = PBXBuildFile; fileRef = 5BBD78071C9B9DAC00FED034 /* StationaryViewController.m */; settings = {ASSET_TAGS = (); }; };
		5BBD780B1C9B9DB900FED034 /* SportViewController.m in Sources */ = {isa = PBXBuildFile; fileRef = 5BBD780A1C9B9DB900FED034 /* SportViewController.m */; settings = {ASSET_TAGS = (); }; };
		5BBD780F1C9BD17100FED034 /* XLScrollViewer.m in Sources */ = {isa = PBXBuildFile; fileRef = 5BBD780E1C9BD17100FED034 /* XLScrollViewer.m */; settings = {ASSET_TAGS = (); }; };
		5BBD78121C9BD68B00FED034 /* SelectionViewController.m in Sources */ = {isa = PBXBuildFile; fileRef = 5BBD78111C9BD68B00FED034 /* SelectionViewController.m */; settings = {ASSET_TAGS = (); }; };
		5BF86C431C9F810600F10A69 /* HotCollectionViewCell.m in Sources */ = {isa = PBXBuildFile; fileRef = 5BF86C411C9F810600F10A69 /* HotCollectionViewCell.m */; settings = {ASSET_TAGS = (); }; };
		5BF86C481C9F812600F10A69 /* Model.m in Sources */ = {isa = PBXBuildFile; fileRef = 5BF86C451C9F812600F10A69 /* Model.m */; settings = {ASSET_TAGS = (); }; };
		5BF86C491C9F812600F10A69 /* RunModel.m in Sources */ = {isa = PBXBuildFile; fileRef = 5BF86C471C9F812600F10A69 /* RunModel.m */; settings = {ASSET_TAGS = (); }; };
		5BF86C6D1C9F815900F10A69 /* DataHandle.m in Sources */ = {isa = PBXBuildFile; fileRef = 5BF86C4C1C9F815900F10A69 /* DataHandle.m */; settings = {ASSET_TAGS = (); }; };
		5BF86C6E1C9F815900F10A69 /* NSData+ImageContentType.m in Sources */ = {isa = PBXBuildFile; fileRef = 5BF86C4F1C9F815900F10A69 /* NSData+ImageContentType.m */; settings = {ASSET_TAGS = (); }; };
		5BF86C6F1C9F815900F10A69 /* SDImageCache.m in Sources */ = {isa = PBXBuildFile; fileRef = 5BF86C511C9F815900F10A69 /* SDImageCache.m */; settings = {ASSET_TAGS = (); }; };
		5BF86C701C9F815900F10A69 /* SDWebImageCompat.m in Sources */ = {isa = PBXBuildFile; fileRef = 5BF86C531C9F815900F10A69 /* SDWebImageCompat.m */; settings = {ASSET_TAGS = (); }; };
		5BF86C711C9F815900F10A69 /* SDWebImageDecoder.m in Sources */ = {isa = PBXBuildFile; fileRef = 5BF86C551C9F815900F10A69 /* SDWebImageDecoder.m */; settings = {ASSET_TAGS = (); }; };
		5BF86C721C9F815900F10A69 /* SDWebImageDownloader.m in Sources */ = {isa = PBXBuildFile; fileRef = 5BF86C571C9F815900F10A69 /* SDWebImageDownloader.m */; settings = {ASSET_TAGS = (); }; };
		5BF86C731C9F815900F10A69 /* SDWebImageDownloaderOperation.m in Sources */ = {isa = PBXBuildFile; fileRef = 5BF86C591C9F815900F10A69 /* SDWebImageDownloaderOperation.m */; settings = {ASSET_TAGS = (); }; };
		5BF86C741C9F815900F10A69 /* SDWebImageManager.m in Sources */ = {isa = PBXBuildFile; fileRef = 5BF86C5B1C9F815900F10A69 /* SDWebImageManager.m */; settings = {ASSET_TAGS = (); }; };
		5BF86C751C9F815900F10A69 /* SDWebImagePrefetcher.m in Sources */ = {isa = PBXBuildFile; fileRef = 5BF86C5E1C9F815900F10A69 /* SDWebImagePrefetcher.m */; settings = {ASSET_TAGS = (); }; };
		5BF86C761C9F815900F10A69 /* UIButton+WebCache.m in Sources */ = {isa = PBXBuildFile; fileRef = 5BF86C601C9F815900F10A69 /* UIButton+WebCache.m */; settings = {ASSET_TAGS = (); }; };
		5BF86C771C9F815900F10A69 /* UIImage+GIF.m in Sources */ = {isa = PBXBuildFile; fileRef = 5BF86C621C9F815900F10A69 /* UIImage+GIF.m */; settings = {ASSET_TAGS = (); }; };
		5BF86C781C9F815900F10A69 /* UIImage+MultiFormat.m in Sources */ = {isa = PBXBuildFile; fileRef = 5BF86C641C9F815900F10A69 /* UIImage+MultiFormat.m */; settings = {ASSET_TAGS = (); }; };
		5BF86C791C9F815900F10A69 /* UIImageView+HighlightedWebCache.m in Sources */ = {isa = PBXBuildFile; fileRef = 5BF86C661C9F815900F10A69 /* UIImageView+HighlightedWebCache.m */; settings = {ASSET_TAGS = (); }; };
		5BF86C7A1C9F815900F10A69 /* UIImageView+WebCache.m in Sources */ = {isa = PBXBuildFile; fileRef = 5BF86C681C9F815900F10A69 /* UIImageView+WebCache.m */; settings = {ASSET_TAGS = (); }; };
		5BF86C7B1C9F815900F10A69 /* UIView+WebCacheOperation.m in Sources */ = {isa = PBXBuildFile; fileRef = 5BF86C6A1C9F815900F10A69 /* UIView+WebCacheOperation.m */; settings = {ASSET_TAGS = (); }; };
		5BF86C7C1C9F815900F10A69 /* ToolData.m in Sources */ = {isa = PBXBuildFile; fileRef = 5BF86C6C1C9F815900F10A69 /* ToolData.m */; settings = {ASSET_TAGS = (); }; };
		5BF86C7F1C9F825800F10A69 /* ListViewController.m in Sources */ = {isa = PBXBuildFile; fileRef = 5BF86C7E1C9F825800F10A69 /* ListViewController.m */; settings = {ASSET_TAGS = (); }; };
		5BF983971C9BFF5300E118C4 /* TopScrollModel.m in Sources */ = {isa = PBXBuildFile; fileRef = 5BF983961C9BFF5300E118C4 /* TopScrollModel.m */; settings = {ASSET_TAGS = (); }; };
		5BF9839A1C9C057B00E118C4 /* ScrollButtonTableViewCell.m in Sources */ = {isa = PBXBuildFile; fileRef = 5BF983991C9C057B00E118C4 /* ScrollButtonTableViewCell.m */; settings = {ASSET_TAGS = (); }; };
		5BFC04FC1C9690EF007B0CFE /* main.m in Sources */ = {isa = PBXBuildFile; fileRef = 5BFC04FB1C9690EF007B0CFE /* main.m */; };
		5BFC04FF1C9690EF007B0CFE /* AppDelegate.m in Sources */ = {isa = PBXBuildFile; fileRef = 5BFC04FE1C9690EF007B0CFE /* AppDelegate.m */; };
		5BFC05051C9690EF007B0CFE /* Main.storyboard in Resources */ = {isa = PBXBuildFile; fileRef = 5BFC05031C9690EF007B0CFE /* Main.storyboard */; };
		5BFC05071C9690EF007B0CFE /* Assets.xcassets in Resources */ = {isa = PBXBuildFile; fileRef = 5BFC05061C9690EF007B0CFE /* Assets.xcassets */; };
		5BFC050A1C9690EF007B0CFE /* LaunchScreen.storyboard in Resources */ = {isa = PBXBuildFile; fileRef = 5BFC05081C9690EF007B0CFE /* LaunchScreen.storyboard */; };
		5BFC052A1C969572007B0CFE /* MoEShoppingsTableViewController.m in Sources */ = {isa = PBXBuildFile; fileRef = 5BFC05291C969572007B0CFE /* MoEShoppingsTableViewController.m */; };
		5BFC052D1C9695A0007B0CFE /* HotCollectionViewController.m in Sources */ = {isa = PBXBuildFile; fileRef = 5BFC052C1C9695A0007B0CFE /* HotCollectionViewController.m */; };
		5BFC05301C9695ED007B0CFE /* ClassifyTableViewController.m in Sources */ = {isa = PBXBuildFile; fileRef = 5BFC052F1C9695ED007B0CFE /* ClassifyTableViewController.m */; };
		5BFC05331C9695FB007B0CFE /* MyViewController.m in Sources */ = {isa = PBXBuildFile; fileRef = 5BFC05321C9695FB007B0CFE /* MyViewController.m */; };
		5BFC05361C96981C007B0CFE /* MainTabBarController.m in Sources */ = {isa = PBXBuildFile; fileRef = 5BFC05351C96981C007B0CFE /* MainTabBarController.m */; };
		C21A80D51C98EF8E00512E8D /* HeaderTableViewCell.m in Sources */ = {isa = PBXBuildFile; fileRef = C21A80D41C98EF8E00512E8D /* HeaderTableViewCell.m */; };
		C21A80D81C98F86900512E8D /* SegmentTableViewCell.m in Sources */ = {isa = PBXBuildFile; fileRef = C21A80D71C98F86900512E8D /* SegmentTableViewCell.m */; };
		C21A80DB1C98FEBD00512E8D /* MyComTableViewController.m in Sources */ = {isa = PBXBuildFile; fileRef = C21A80DA1C98FEBD00512E8D /* MyComTableViewController.m */; };
		C21A80DE1C98FEDD00512E8D /* MySpeTableViewController.m in Sources */ = {isa = PBXBuildFile; fileRef = C21A80DD1C98FEDD00512E8D /* MySpeTableViewController.m */; };
		C21A80E41C992EE600512E8D /* MyFirstTableViewCell.m in Sources */ = {isa = PBXBuildFile; fileRef = C21A80E31C992EE600512E8D /* MyFirstTableViewCell.m */; };
		C2A2FC561C9A59840061A856 /* SpecialRequset.m in Sources */ = {isa = PBXBuildFile; fileRef = C2A2FC541C9A59840061A856 /* SpecialRequset.m */; settings = {ASSET_TAGS = (); }; };
		C2A2FC5A1C9A5A140061A856 /* SpecialModel.m in Sources */ = {isa = PBXBuildFile; fileRef = C2A2FC591C9A5A140061A856 /* SpecialModel.m */; settings = {ASSET_TAGS = (); }; };
		C2A2FC5E1C9A5A200061A856 /* ClassifyTableViewCell.m in Sources */ = {isa = PBXBuildFile; fileRef = C2A2FC5D1C9A5A200061A856 /* ClassifyTableViewCell.m */; settings = {ASSET_TAGS = (); }; };
		C2A2FC6D1C9A5A790061A856 /* AFHTTPSessionManager.m in Sources */ = {isa = PBXBuildFile; fileRef = C2A2FC611C9A5A790061A856 /* AFHTTPSessionManager.m */; settings = {ASSET_TAGS = (); }; };
		C2A2FC6E1C9A5A790061A856 /* AFNetworkReachabilityManager.m in Sources */ = {isa = PBXBuildFile; fileRef = C2A2FC641C9A5A790061A856 /* AFNetworkReachabilityManager.m */; settings = {ASSET_TAGS = (); }; };
		C2A2FC6F1C9A5A790061A856 /* AFSecurityPolicy.m in Sources */ = {isa = PBXBuildFile; fileRef = C2A2FC661C9A5A790061A856 /* AFSecurityPolicy.m */; settings = {ASSET_TAGS = (); }; };
		C2A2FC701C9A5A790061A856 /* AFURLRequestSerialization.m in Sources */ = {isa = PBXBuildFile; fileRef = C2A2FC681C9A5A790061A856 /* AFURLRequestSerialization.m */; settings = {ASSET_TAGS = (); }; };
		C2A2FC711C9A5A790061A856 /* AFURLResponseSerialization.m in Sources */ = {isa = PBXBuildFile; fileRef = C2A2FC6A1C9A5A790061A856 /* AFURLResponseSerialization.m */; settings = {ASSET_TAGS = (); }; };
		C2A2FC721C9A5A790061A856 /* AFURLSessionManager.m in Sources */ = {isa = PBXBuildFile; fileRef = C2A2FC6C1C9A5A790061A856 /* AFURLSessionManager.m */; settings = {ASSET_TAGS = (); }; };
/* End PBXBuildFile section */

/* Begin PBXFileReference section */
		5B171DA61C9A60E900409AA8 /* aaaa.png */ = {isa = PBXFileReference; lastKnownFileType = image.png; path = aaaa.png; sourceTree = "<group>"; };
		5B171DA71C9A60E900409AA8 /* MoeShowTableViewCell.h */ = {isa = PBXFileReference; fileEncoding = 4; lastKnownFileType = sourcecode.c.h; path = MoeShowTableViewCell.h; sourceTree = "<group>"; };
		5B171DA81C9A60E900409AA8 /* MoeShowTableViewCell.m */ = {isa = PBXFileReference; fileEncoding = 4; lastKnownFileType = sourcecode.c.objc; path = MoeShowTableViewCell.m; sourceTree = "<group>"; };
		5B171DAC1C9A60F400409AA8 /* TopScrollTableViewCell.h */ = {isa = PBXFileReference; fileEncoding = 4; lastKnownFileType = sourcecode.c.h; path = TopScrollTableViewCell.h; sourceTree = "<group>"; };
		5B171DAD1C9A60F400409AA8 /* TopScrollTableViewCell.m */ = {isa = PBXFileReference; fileEncoding = 4; lastKnownFileType = sourcecode.c.objc; path = TopScrollTableViewCell.m; sourceTree = "<group>"; };
		5BBD77F41C9B92E000FED034 /* MoEShoppingsViewController.h */ = {isa = PBXFileReference; fileEncoding = 4; lastKnownFileType = sourcecode.c.h; path = MoEShoppingsViewController.h; sourceTree = "<group>"; };
		5BBD77F51C9B92E000FED034 /* MoEShoppingsViewController.m */ = {isa = PBXFileReference; fileEncoding = 4; lastKnownFileType = sourcecode.c.objc; path = MoEShoppingsViewController.m; sourceTree = "<group>"; };
		5BBD77F71C9B9C0100FED034 /* GiftViewController.h */ = {isa = PBXFileReference; fileEncoding = 4; lastKnownFileType = sourcecode.c.h; path = GiftViewController.h; sourceTree = "<group>"; };
		5BBD77F81C9B9C0100FED034 /* GiftViewController.m */ = {isa = PBXFileReference; fileEncoding = 4; lastKnownFileType = sourcecode.c.objc; path = GiftViewController.m; sourceTree = "<group>"; };
		5BBD77FA1C9B9C1200FED034 /* MOEThingsViewController.h */ = {isa = PBXFileReference; fileEncoding = 4; lastKnownFileType = sourcecode.c.h; path = MOEThingsViewController.h; sourceTree = "<group>"; };
		5BBD77FB1C9B9C1200FED034 /* MOEThingsViewController.m */ = {isa = PBXFileReference; fileEncoding = 4; lastKnownFileType = sourcecode.c.objc; path = MOEThingsViewController.m; sourceTree = "<group>"; };
		5BBD77FD1C9B9D0300FED034 /* DelicousFoodViewController.h */ = {isa = PBXFileReference; fileEncoding = 4; lastKnownFileType = sourcecode.c.h; path = DelicousFoodViewController.h; sourceTree = "<group>"; };
		5BBD77FE1C9B9D0300FED034 /* DelicousFoodViewController.m */ = {isa = PBXFileReference; fileEncoding = 4; lastKnownFileType = sourcecode.c.objc; path = DelicousFoodViewController.m; sourceTree = "<group>"; };
		5BBD78001C9B9D4B00FED034 /* DigitalViewController.h */ = {isa = PBXFileReference; fileEncoding = 4; lastKnownFileType = sourcecode.c.h; path = DigitalViewController.h; sourceTree = "<group>"; };
		5BBD78011C9B9D4B00FED034 /* DigitalViewController.m */ = {isa = PBXFileReference; fileEncoding = 4; lastKnownFileType = sourcecode.c.objc; path = DigitalViewController.m; sourceTree = "<group>"; };
		5BBD78031C9B9D6E00FED034 /* AnimationViewController.h */ = {isa = PBXFileReference; fileEncoding = 4; lastKnownFileType = sourcecode.c.h; path = AnimationViewController.h; sourceTree = "<group>"; };
		5BBD78041C9B9D6E00FED034 /* AnimationViewController.m */ = {isa = PBXFileReference; fileEncoding = 4; lastKnownFileType = sourcecode.c.objc; path = AnimationViewController.m; sourceTree = "<group>"; };
		5BBD78061C9B9DAC00FED034 /* StationaryViewController.h */ = {isa = PBXFileReference; fileEncoding = 4; lastKnownFileType = sourcecode.c.h; path = StationaryViewController.h; sourceTree = "<group>"; };
		5BBD78071C9B9DAC00FED034 /* StationaryViewController.m */ = {isa = PBXFileReference; fileEncoding = 4; lastKnownFileType = sourcecode.c.objc; path = StationaryViewController.m; sourceTree = "<group>"; };
		5BBD78091C9B9DB900FED034 /* SportViewController.h */ = {isa = PBXFileReference; fileEncoding = 4; lastKnownFileType = sourcecode.c.h; path = SportViewController.h; sourceTree = "<group>"; };
		5BBD780A1C9B9DB900FED034 /* SportViewController.m */ = {isa = PBXFileReference; fileEncoding = 4; lastKnownFileType = sourcecode.c.objc; path = SportViewController.m; sourceTree = "<group>"; };
		5BBD780D1C9BD17100FED034 /* XLScrollViewer.h */ = {isa = PBXFileReference; fileEncoding = 4; lastKnownFileType = sourcecode.c.h; path = XLScrollViewer.h; sourceTree = "<group>"; };
		5BBD780E1C9BD17100FED034 /* XLScrollViewer.m */ = {isa = PBXFileReference; fileEncoding = 4; lastKnownFileType = sourcecode.c.objc; path = XLScrollViewer.m; sourceTree = "<group>"; };
		5BBD78101C9BD68B00FED034 /* SelectionViewController.h */ = {isa = PBXFileReference; fileEncoding = 4; lastKnownFileType = sourcecode.c.h; path = SelectionViewController.h; sourceTree = "<group>"; };
		5BBD78111C9BD68B00FED034 /* SelectionViewController.m */ = {isa = PBXFileReference; fileEncoding = 4; lastKnownFileType = sourcecode.c.objc; path = SelectionViewController.m; sourceTree = "<group>"; };
		5BF86C401C9F810600F10A69 /* HotCollectionViewCell.h */ = {isa = PBXFileReference; fileEncoding = 4; lastKnownFileType = sourcecode.c.h; path = HotCollectionViewCell.h; sourceTree = "<group>"; };
		5BF86C411C9F810600F10A69 /* HotCollectionViewCell.m */ = {isa = PBXFileReference; fileEncoding = 4; lastKnownFileType = sourcecode.c.objc; path = HotCollectionViewCell.m; sourceTree = "<group>"; };
		5BF86C421C9F810600F10A69 /* PrefixHeader.pch */ = {isa = PBXFileReference; fileEncoding = 4; lastKnownFileType = sourcecode.c.h; path = PrefixHeader.pch; sourceTree = "<group>"; };
		5BF86C441C9F812600F10A69 /* Model.h */ = {isa = PBXFileReference; fileEncoding = 4; lastKnownFileType = sourcecode.c.h; path = Model.h; sourceTree = "<group>"; };
		5BF86C451C9F812600F10A69 /* Model.m */ = {isa = PBXFileReference; fileEncoding = 4; lastKnownFileType = sourcecode.c.objc; path = Model.m; sourceTree = "<group>"; };
		5BF86C461C9F812600F10A69 /* RunModel.h */ = {isa = PBXFileReference; fileEncoding = 4; lastKnownFileType = sourcecode.c.h; path = RunModel.h; sourceTree = "<group>"; };
		5BF86C471C9F812600F10A69 /* RunModel.m */ = {isa = PBXFileReference; fileEncoding = 4; lastKnownFileType = sourcecode.c.objc; path = RunModel.m; sourceTree = "<group>"; };
		5BF86C4B1C9F815900F10A69 /* DataHandle.h */ = {isa = PBXFileReference; fileEncoding = 4; lastKnownFileType = sourcecode.c.h; path = DataHandle.h; sourceTree = "<group>"; };
		5BF86C4C1C9F815900F10A69 /* DataHandle.m */ = {isa = PBXFileReference; fileEncoding = 4; lastKnownFileType = sourcecode.c.objc; path = DataHandle.m; sourceTree = "<group>"; };
		5BF86C4E1C9F815900F10A69 /* NSData+ImageContentType.h */ = {isa = PBXFileReference; fileEncoding = 4; lastKnownFileType = sourcecode.c.h; path = "NSData+ImageContentType.h"; sourceTree = "<group>"; };
		5BF86C4F1C9F815900F10A69 /* NSData+ImageContentType.m */ = {isa = PBXFileReference; fileEncoding = 4; lastKnownFileType = sourcecode.c.objc; path = "NSData+ImageContentType.m"; sourceTree = "<group>"; };
		5BF86C501C9F815900F10A69 /* SDImageCache.h */ = {isa = PBXFileReference; fileEncoding = 4; lastKnownFileType = sourcecode.c.h; path = SDImageCache.h; sourceTree = "<group>"; };
		5BF86C511C9F815900F10A69 /* SDImageCache.m */ = {isa = PBXFileReference; fileEncoding = 4; lastKnownFileType = sourcecode.c.objc; path = SDImageCache.m; sourceTree = "<group>"; };
		5BF86C521C9F815900F10A69 /* SDWebImageCompat.h */ = {isa = PBXFileReference; fileEncoding = 4; lastKnownFileType = sourcecode.c.h; path = SDWebImageCompat.h; sourceTree = "<group>"; };
		5BF86C531C9F815900F10A69 /* SDWebImageCompat.m */ = {isa = PBXFileReference; fileEncoding = 4; lastKnownFileType = sourcecode.c.objc; path = SDWebImageCompat.m; sourceTree = "<group>"; };
		5BF86C541C9F815900F10A69 /* SDWebImageDecoder.h */ = {isa = PBXFileReference; fileEncoding = 4; lastKnownFileType = sourcecode.c.h; path = SDWebImageDecoder.h; sourceTree = "<group>"; };
		5BF86C551C9F815900F10A69 /* SDWebImageDecoder.m */ = {isa = PBXFileReference; fileEncoding = 4; lastKnownFileType = sourcecode.c.objc; path = SDWebImageDecoder.m; sourceTree = "<group>"; };
		5BF86C561C9F815900F10A69 /* SDWebImageDownloader.h */ = {isa = PBXFileReference; fileEncoding = 4; lastKnownFileType = sourcecode.c.h; path = SDWebImageDownloader.h; sourceTree = "<group>"; };
		5BF86C571C9F815900F10A69 /* SDWebImageDownloader.m */ = {isa = PBXFileReference; fileEncoding = 4; lastKnownFileType = sourcecode.c.objc; path = SDWebImageDownloader.m; sourceTree = "<group>"; };
		5BF86C581C9F815900F10A69 /* SDWebImageDownloaderOperation.h */ = {isa = PBXFileReference; fileEncoding = 4; lastKnownFileType = sourcecode.c.h; path = SDWebImageDownloaderOperation.h; sourceTree = "<group>"; };
		5BF86C591C9F815900F10A69 /* SDWebImageDownloaderOperation.m */ = {isa = PBXFileReference; fileEncoding = 4; lastKnownFileType = sourcecode.c.objc; path = SDWebImageDownloaderOperation.m; sourceTree = "<group>"; };
		5BF86C5A1C9F815900F10A69 /* SDWebImageManager.h */ = {isa = PBXFileReference; fileEncoding = 4; lastKnownFileType = sourcecode.c.h; path = SDWebImageManager.h; sourceTree = "<group>"; };
		5BF86C5B1C9F815900F10A69 /* SDWebImageManager.m */ = {isa = PBXFileReference; fileEncoding = 4; lastKnownFileType = sourcecode.c.objc; path = SDWebImageManager.m; sourceTree = "<group>"; };
		5BF86C5C1C9F815900F10A69 /* SDWebImageOperation.h */ = {isa = PBXFileReference; fileEncoding = 4; lastKnownFileType = sourcecode.c.h; path = SDWebImageOperation.h; sourceTree = "<group>"; };
		5BF86C5D1C9F815900F10A69 /* SDWebImagePrefetcher.h */ = {isa = PBXFileReference; fileEncoding = 4; lastKnownFileType = sourcecode.c.h; path = SDWebImagePrefetcher.h; sourceTree = "<group>"; };
		5BF86C5E1C9F815900F10A69 /* SDWebImagePrefetcher.m */ = {isa = PBXFileReference; fileEncoding = 4; lastKnownFileType = sourcecode.c.objc; path = SDWebImagePrefetcher.m; sourceTree = "<group>"; };
		5BF86C5F1C9F815900F10A69 /* UIButton+WebCache.h */ = {isa = PBXFileReference; fileEncoding = 4; lastKnownFileType = sourcecode.c.h; path = "UIButton+WebCache.h"; sourceTree = "<group>"; };
		5BF86C601C9F815900F10A69 /* UIButton+WebCache.m */ = {isa = PBXFileReference; fileEncoding = 4; lastKnownFileType = sourcecode.c.objc; path = "UIButton+WebCache.m"; sourceTree = "<group>"; };
		5BF86C611C9F815900F10A69 /* UIImage+GIF.h */ = {isa = PBXFileReference; fileEncoding = 4; lastKnownFileType = sourcecode.c.h; path = "UIImage+GIF.h"; sourceTree = "<group>"; };
		5BF86C621C9F815900F10A69 /* UIImage+GIF.m */ = {isa = PBXFileReference; fileEncoding = 4; lastKnownFileType = sourcecode.c.objc; path = "UIImage+GIF.m"; sourceTree = "<group>"; };
		5BF86C631C9F815900F10A69 /* UIImage+MultiFormat.h */ = {isa = PBXFileReference; fileEncoding = 4; lastKnownFileType = sourcecode.c.h; path = "UIImage+MultiFormat.h"; sourceTree = "<group>"; };
		5BF86C641C9F815900F10A69 /* UIImage+MultiFormat.m */ = {isa = PBXFileReference; fileEncoding = 4; lastKnownFileType = sourcecode.c.objc; path = "UIImage+MultiFormat.m"; sourceTree = "<group>"; };
		5BF86C651C9F815900F10A69 /* UIImageView+HighlightedWebCache.h */ = {isa = PBXFileReference; fileEncoding = 4; lastKnownFileType = sourcecode.c.h; path = "UIImageView+HighlightedWebCache.h"; sourceTree = "<group>"; };
		5BF86C661C9F815900F10A69 /* UIImageView+HighlightedWebCache.m */ = {isa = PBXFileReference; fileEncoding = 4; lastKnownFileType = sourcecode.c.objc; path = "UIImageView+HighlightedWebCache.m"; sourceTree = "<group>"; };
		5BF86C671C9F815900F10A69 /* UIImageView+WebCache.h */ = {isa = PBXFileReference; fileEncoding = 4; lastKnownFileType = sourcecode.c.h; path = "UIImageView+WebCache.h"; sourceTree = "<group>"; };
		5BF86C681C9F815900F10A69 /* UIImageView+WebCache.m */ = {isa = PBXFileReference; fileEncoding = 4; lastKnownFileType = sourcecode.c.objc; path = "UIImageView+WebCache.m"; sourceTree = "<group>"; };
		5BF86C691C9F815900F10A69 /* UIView+WebCacheOperation.h */ = {isa = PBXFileReference; fileEncoding = 4; lastKnownFileType = sourcecode.c.h; path = "UIView+WebCacheOperation.h"; sourceTree = "<group>"; };
		5BF86C6A1C9F815900F10A69 /* UIView+WebCacheOperation.m */ = {isa = PBXFileReference; fileEncoding = 4; lastKnownFileType = sourcecode.c.objc; path = "UIView+WebCacheOperation.m"; sourceTree = "<group>"; };
		5BF86C6B1C9F815900F10A69 /* ToolData.h */ = {isa = PBXFileReference; fileEncoding = 4; lastKnownFileType = sourcecode.c.h; path = ToolData.h; sourceTree = "<group>"; };
		5BF86C6C1C9F815900F10A69 /* ToolData.m */ = {isa = PBXFileReference; fileEncoding = 4; lastKnownFileType = sourcecode.c.objc; path = ToolData.m; sourceTree = "<group>"; };
		5BF86C7D1C9F825800F10A69 /* ListViewController.h */ = {isa = PBXFileReference; fileEncoding = 4; lastKnownFileType = sourcecode.c.h; path = ListViewController.h; sourceTree = "<group>"; };
		5BF86C7E1C9F825800F10A69 /* ListViewController.m */ = {isa = PBXFileReference; fileEncoding = 4; lastKnownFileType = sourcecode.c.objc; path = ListViewController.m; sourceTree = "<group>"; };
		5BF983951C9BFF5300E118C4 /* TopScrollModel.h */ = {isa = PBXFileReference; fileEncoding = 4; lastKnownFileType = sourcecode.c.h; path = TopScrollModel.h; sourceTree = "<group>"; };
		5BF983961C9BFF5300E118C4 /* TopScrollModel.m */ = {isa = PBXFileReference; fileEncoding = 4; lastKnownFileType = sourcecode.c.objc; path = TopScrollModel.m; sourceTree = "<group>"; };
		5BF983981C9C057B00E118C4 /* ScrollButtonTableViewCell.h */ = {isa = PBXFileReference; fileEncoding = 4; lastKnownFileType = sourcecode.c.h; path = ScrollButtonTableViewCell.h; sourceTree = "<group>"; };
		5BF983991C9C057B00E118C4 /* ScrollButtonTableViewCell.m */ = {isa = PBXFileReference; fileEncoding = 4; lastKnownFileType = sourcecode.c.objc; path = ScrollButtonTableViewCell.m; sourceTree = "<group>"; };
		5BFC04F71C9690EF007B0CFE /* MoEShoppings.app */ = {isa = PBXFileReference; explicitFileType = wrapper.application; includeInIndex = 0; path = MoEShoppings.app; sourceTree = BUILT_PRODUCTS_DIR; };
		5BFC04FB1C9690EF007B0CFE /* main.m */ = {isa = PBXFileReference; lastKnownFileType = sourcecode.c.objc; path = main.m; sourceTree = "<group>"; };
		5BFC04FD1C9690EF007B0CFE /* AppDelegate.h */ = {isa = PBXFileReference; lastKnownFileType = sourcecode.c.h; name = AppDelegate.h; path = ../AppDelegate.h; sourceTree = "<group>"; };
		5BFC04FE1C9690EF007B0CFE /* AppDelegate.m */ = {isa = PBXFileReference; lastKnownFileType = sourcecode.c.objc; name = AppDelegate.m; path = ../AppDelegate.m; sourceTree = "<group>"; };
		5BFC05041C9690EF007B0CFE /* Base */ = {isa = PBXFileReference; lastKnownFileType = file.storyboard; name = Base; path = Base.lproj/Main.storyboard; sourceTree = "<group>"; };
		5BFC05061C9690EF007B0CFE /* Assets.xcassets */ = {isa = PBXFileReference; lastKnownFileType = folder.assetcatalog; path = Assets.xcassets; sourceTree = "<group>"; };
		5BFC05091C9690EF007B0CFE /* Base */ = {isa = PBXFileReference; lastKnownFileType = file.storyboard; name = Base; path = Base.lproj/LaunchScreen.storyboard; sourceTree = "<group>"; };
		5BFC050B1C9690EF007B0CFE /* Info.plist */ = {isa = PBXFileReference; lastKnownFileType = text.plist.xml; path = Info.plist; sourceTree = "<group>"; };
		5BFC05281C969572007B0CFE /* MoEShoppingsTableViewController.h */ = {isa = PBXFileReference; fileEncoding = 4; lastKnownFileType = sourcecode.c.h; path = MoEShoppingsTableViewController.h; sourceTree = "<group>"; };
		5BFC05291C969572007B0CFE /* MoEShoppingsTableViewController.m */ = {isa = PBXFileReference; fileEncoding = 4; lastKnownFileType = sourcecode.c.objc; path = MoEShoppingsTableViewController.m; sourceTree = "<group>"; };
		5BFC052B1C9695A0007B0CFE /* HotCollectionViewController.h */ = {isa = PBXFileReference; fileEncoding = 4; lastKnownFileType = sourcecode.c.h; path = HotCollectionViewController.h; sourceTree = "<group>"; };
		5BFC052C1C9695A0007B0CFE /* HotCollectionViewController.m */ = {isa = PBXFileReference; fileEncoding = 4; lastKnownFileType = sourcecode.c.objc; path = HotCollectionViewController.m; sourceTree = "<group>"; };
		5BFC052E1C9695ED007B0CFE /* ClassifyTableViewController.h */ = {isa = PBXFileReference; fileEncoding = 4; lastKnownFileType = sourcecode.c.h; path = ClassifyTableViewController.h; sourceTree = "<group>"; };
		5BFC052F1C9695ED007B0CFE /* ClassifyTableViewController.m */ = {isa = PBXFileReference; fileEncoding = 4; lastKnownFileType = sourcecode.c.objc; path = ClassifyTableViewController.m; sourceTree = "<group>"; };
		5BFC05311C9695FB007B0CFE /* MyViewController.h */ = {isa = PBXFileReference; fileEncoding = 4; lastKnownFileType = sourcecode.c.h; path = MyViewController.h; sourceTree = "<group>"; };
		5BFC05321C9695FB007B0CFE /* MyViewController.m */ = {isa = PBXFileReference; fileEncoding = 4; lastKnownFileType = sourcecode.c.objc; path = MyViewController.m; sourceTree = "<group>"; };
		5BFC05341C96981C007B0CFE /* MainTabBarController.h */ = {isa = PBXFileReference; fileEncoding = 4; lastKnownFileType = sourcecode.c.h; path = MainTabBarController.h; sourceTree = "<group>"; };
		5BFC05351C96981C007B0CFE /* MainTabBarController.m */ = {isa = PBXFileReference; fileEncoding = 4; lastKnownFileType = sourcecode.c.objc; path = MainTabBarController.m; sourceTree = "<group>"; };
		C21A80D31C98EF8E00512E8D /* HeaderTableViewCell.h */ = {isa = PBXFileReference; fileEncoding = 4; lastKnownFileType = sourcecode.c.h; path = HeaderTableViewCell.h; sourceTree = "<group>"; };
		C21A80D41C98EF8E00512E8D /* HeaderTableViewCell.m */ = {isa = PBXFileReference; fileEncoding = 4; lastKnownFileType = sourcecode.c.objc; path = HeaderTableViewCell.m; sourceTree = "<group>"; };
		C21A80D61C98F86900512E8D /* SegmentTableViewCell.h */ = {isa = PBXFileReference; fileEncoding = 4; lastKnownFileType = sourcecode.c.h; path = SegmentTableViewCell.h; sourceTree = "<group>"; };
		C21A80D71C98F86900512E8D /* SegmentTableViewCell.m */ = {isa = PBXFileReference; fileEncoding = 4; lastKnownFileType = sourcecode.c.objc; path = SegmentTableViewCell.m; sourceTree = "<group>"; };
		C21A80D91C98FEBD00512E8D /* MyComTableViewController.h */ = {isa = PBXFileReference; fileEncoding = 4; lastKnownFileType = sourcecode.c.h; path = MyComTableViewController.h; sourceTree = "<group>"; };
		C21A80DA1C98FEBD00512E8D /* MyComTableViewController.m */ = {isa = PBXFileReference; fileEncoding = 4; lastKnownFileType = sourcecode.c.objc; path = MyComTableViewController.m; sourceTree = "<group>"; };
		C21A80DC1C98FEDD00512E8D /* MySpeTableViewController.h */ = {isa = PBXFileReference; fileEncoding = 4; lastKnownFileType = sourcecode.c.h; path = MySpeTableViewController.h; sourceTree = "<group>"; };
		C21A80DD1C98FEDD00512E8D /* MySpeTableViewController.m */ = {isa = PBXFileReference; fileEncoding = 4; lastKnownFileType = sourcecode.c.objc; path = MySpeTableViewController.m; sourceTree = "<group>"; };
		C21A80E21C992EE600512E8D /* MyFirstTableViewCell.h */ = {isa = PBXFileReference; fileEncoding = 4; lastKnownFileType = sourcecode.c.h; path = MyFirstTableViewCell.h; sourceTree = "<group>"; };
		C21A80E31C992EE600512E8D /* MyFirstTableViewCell.m */ = {isa = PBXFileReference; fileEncoding = 4; lastKnownFileType = sourcecode.c.objc; path = MyFirstTableViewCell.m; sourceTree = "<group>"; };
		C2A2FC521C9A59840061A856 /* PrefixHeader.pch */ = {isa = PBXFileReference; fileEncoding = 4; lastKnownFileType = sourcecode.c.h; path = PrefixHeader.pch; sourceTree = "<group>"; };
		C2A2FC531C9A59840061A856 /* SpecialRequset.h */ = {isa = PBXFileReference; fileEncoding = 4; lastKnownFileType = sourcecode.c.h; path = SpecialRequset.h; sourceTree = "<group>"; };
		C2A2FC541C9A59840061A856 /* SpecialRequset.m */ = {isa = PBXFileReference; fileEncoding = 4; lastKnownFileType = sourcecode.c.objc; path = SpecialRequset.m; sourceTree = "<group>"; };
		C2A2FC551C9A59840061A856 /* Url.h */ = {isa = PBXFileReference; fileEncoding = 4; lastKnownFileType = sourcecode.c.h; path = Url.h; sourceTree = "<group>"; };
		C2A2FC581C9A5A140061A856 /* SpecialModel.h */ = {isa = PBXFileReference; fileEncoding = 4; lastKnownFileType = sourcecode.c.h; path = SpecialModel.h; sourceTree = "<group>"; };
		C2A2FC591C9A5A140061A856 /* SpecialModel.m */ = {isa = PBXFileReference; fileEncoding = 4; lastKnownFileType = sourcecode.c.objc; path = SpecialModel.m; sourceTree = "<group>"; };
		C2A2FC5C1C9A5A200061A856 /* ClassifyTableViewCell.h */ = {isa = PBXFileReference; fileEncoding = 4; lastKnownFileType = sourcecode.c.h; path = ClassifyTableViewCell.h; sourceTree = "<group>"; };
		C2A2FC5D1C9A5A200061A856 /* ClassifyTableViewCell.m */ = {isa = PBXFileReference; fileEncoding = 4; lastKnownFileType = sourcecode.c.objc; path = ClassifyTableViewCell.m; sourceTree = "<group>"; };
		C2A2FC601C9A5A790061A856 /* AFHTTPSessionManager.h */ = {isa = PBXFileReference; fileEncoding = 4; lastKnownFileType = sourcecode.c.h; path = AFHTTPSessionManager.h; sourceTree = "<group>"; };
		C2A2FC611C9A5A790061A856 /* AFHTTPSessionManager.m */ = {isa = PBXFileReference; fileEncoding = 4; lastKnownFileType = sourcecode.c.objc; path = AFHTTPSessionManager.m; sourceTree = "<group>"; };
		C2A2FC621C9A5A790061A856 /* AFNetworking.h */ = {isa = PBXFileReference; fileEncoding = 4; lastKnownFileType = sourcecode.c.h; path = AFNetworking.h; sourceTree = "<group>"; };
		C2A2FC631C9A5A790061A856 /* AFNetworkReachabilityManager.h */ = {isa = PBXFileReference; fileEncoding = 4; lastKnownFileType = sourcecode.c.h; path = AFNetworkReachabilityManager.h; sourceTree = "<group>"; };
		C2A2FC641C9A5A790061A856 /* AFNetworkReachabilityManager.m */ = {isa = PBXFileReference; fileEncoding = 4; lastKnownFileType = sourcecode.c.objc; path = AFNetworkReachabilityManager.m; sourceTree = "<group>"; };
		C2A2FC651C9A5A790061A856 /* AFSecurityPolicy.h */ = {isa = PBXFileReference; fileEncoding = 4; lastKnownFileType = sourcecode.c.h; path = AFSecurityPolicy.h; sourceTree = "<group>"; };
		C2A2FC661C9A5A790061A856 /* AFSecurityPolicy.m */ = {isa = PBXFileReference; fileEncoding = 4; lastKnownFileType = sourcecode.c.objc; path = AFSecurityPolicy.m; sourceTree = "<group>"; };
		C2A2FC671C9A5A790061A856 /* AFURLRequestSerialization.h */ = {isa = PBXFileReference; fileEncoding = 4; lastKnownFileType = sourcecode.c.h; path = AFURLRequestSerialization.h; sourceTree = "<group>"; };
		C2A2FC681C9A5A790061A856 /* AFURLRequestSerialization.m */ = {isa = PBXFileReference; fileEncoding = 4; lastKnownFileType = sourcecode.c.objc; path = AFURLRequestSerialization.m; sourceTree = "<group>"; };
		C2A2FC691C9A5A790061A856 /* AFURLResponseSerialization.h */ = {isa = PBXFileReference; fileEncoding = 4; lastKnownFileType = sourcecode.c.h; path = AFURLResponseSerialization.h; sourceTree = "<group>"; };
		C2A2FC6A1C9A5A790061A856 /* AFURLResponseSerialization.m */ = {isa = PBXFileReference; fileEncoding = 4; lastKnownFileType = sourcecode.c.objc; path = AFURLResponseSerialization.m; sourceTree = "<group>"; };
		C2A2FC6B1C9A5A790061A856 /* AFURLSessionManager.h */ = {isa = PBXFileReference; fileEncoding = 4; lastKnownFileType = sourcecode.c.h; path = AFURLSessionManager.h; sourceTree = "<group>"; };
		C2A2FC6C1C9A5A790061A856 /* AFURLSessionManager.m */ = {isa = PBXFileReference; fileEncoding = 4; lastKnownFileType = sourcecode.c.objc; path = AFURLSessionManager.m; sourceTree = "<group>"; };
/* End PBXFileReference section */

/* Begin PBXFrameworksBuildPhase section */
		5BFC04F41C9690EF007B0CFE /* Frameworks */ = {
			isa = PBXFrameworksBuildPhase;
			buildActionMask = 2147483647;
			files = (
			);
			runOnlyForDeploymentPostprocessing = 0;
		};
/* End PBXFrameworksBuildPhase section */

/* Begin PBXGroup section */
		5B171DA51C9A60E900409AA8 /* Cell */ = {
			isa = PBXGroup;
			children = (
				5B171DA61C9A60E900409AA8 /* aaaa.png */,
				5B171DA71C9A60E900409AA8 /* MoeShowTableViewCell.h */,
				5B171DA81C9A60E900409AA8 /* MoeShowTableViewCell.m */,
				5BF983981C9C057B00E118C4 /* ScrollButtonTableViewCell.h */,
				5BF983991C9C057B00E118C4 /* ScrollButtonTableViewCell.m */,
			);
			path = Cell;
			sourceTree = "<group>";
		};
		5B171DAB1C9A60F400409AA8 /* View */ = {
			isa = PBXGroup;
			children = (
				5B171DAC1C9A60F400409AA8 /* TopScrollTableViewCell.h */,
				5B171DAD1C9A60F400409AA8 /* TopScrollTableViewCell.m */,
			);
			path = View;
			sourceTree = "<group>";
		};
		5B171DAF1C9A60FA00409AA8 /* Model */ = {
			isa = PBXGroup;
			children = (
				5BF983951C9BFF5300E118C4 /* TopScrollModel.h */,
				5BF983961C9BFF5300E118C4 /* TopScrollModel.m */,
			);
			path = Model;
			sourceTree = "<group>";
		};
		5BBD780C1C9BD17100FED034 /* XLScrollViewer */ = {
			isa = PBXGroup;
			children = (
				5BBD780D1C9BD17100FED034 /* XLScrollViewer.h */,
				5BBD780E1C9BD17100FED034 /* XLScrollViewer.m */,
			);
			path = XLScrollViewer;
			sourceTree = "<group>";
		};
		5BF86C4A1C9F815900F10A69 /* Tools */ = {
			isa = PBXGroup;
			children = (
				5BF86C4B1C9F815900F10A69 /* DataHandle.h */,
				5BF86C4C1C9F815900F10A69 /* DataHandle.m */,
				5BF86C4D1C9F815900F10A69 /* SDWebImage */,
				5BF86C6B1C9F815900F10A69 /* ToolData.h */,
				5BF86C6C1C9F815900F10A69 /* ToolData.m */,
			);
			path = Tools;
			sourceTree = "<group>";
		};
		5BF86C4D1C9F815900F10A69 /* SDWebImage */ = {
			isa = PBXGroup;
			children = (
				5BF86C4E1C9F815900F10A69 /* NSData+ImageContentType.h */,
				5BF86C4F1C9F815900F10A69 /* NSData+ImageContentType.m */,
				5BF86C501C9F815900F10A69 /* SDImageCache.h */,
				5BF86C511C9F815900F10A69 /* SDImageCache.m */,
				5BF86C521C9F815900F10A69 /* SDWebImageCompat.h */,
				5BF86C531C9F815900F10A69 /* SDWebImageCompat.m */,
				5BF86C541C9F815900F10A69 /* SDWebImageDecoder.h */,
				5BF86C551C9F815900F10A69 /* SDWebImageDecoder.m */,
				5BF86C561C9F815900F10A69 /* SDWebImageDownloader.h */,
				5BF86C571C9F815900F10A69 /* SDWebImageDownloader.m */,
				5BF86C581C9F815900F10A69 /* SDWebImageDownloaderOperation.h */,
				5BF86C591C9F815900F10A69 /* SDWebImageDownloaderOperation.m */,
				5BF86C5A1C9F815900F10A69 /* SDWebImageManager.h */,
				5BF86C5B1C9F815900F10A69 /* SDWebImageManager.m */,
				5BF86C5C1C9F815900F10A69 /* SDWebImageOperation.h */,
				5BF86C5D1C9F815900F10A69 /* SDWebImagePrefetcher.h */,
				5BF86C5E1C9F815900F10A69 /* SDWebImagePrefetcher.m */,
				5BF86C5F1C9F815900F10A69 /* UIButton+WebCache.h */,
				5BF86C601C9F815900F10A69 /* UIButton+WebCache.m */,
				5BF86C611C9F815900F10A69 /* UIImage+GIF.h */,
				5BF86C621C9F815900F10A69 /* UIImage+GIF.m */,
				5BF86C631C9F815900F10A69 /* UIImage+MultiFormat.h */,
				5BF86C641C9F815900F10A69 /* UIImage+MultiFormat.m */,
				5BF86C651C9F815900F10A69 /* UIImageView+HighlightedWebCache.h */,
				5BF86C661C9F815900F10A69 /* UIImageView+HighlightedWebCache.m */,
				5BF86C671C9F815900F10A69 /* UIImageView+WebCache.h */,
				5BF86C681C9F815900F10A69 /* UIImageView+WebCache.m */,
				5BF86C691C9F815900F10A69 /* UIView+WebCacheOperation.h */,
				5BF86C6A1C9F815900F10A69 /* UIView+WebCacheOperation.m */,
			);
			path = SDWebImage;
			sourceTree = "<group>";
		};
		5BFC04EE1C9690EF007B0CFE = {
			isa = PBXGroup;
			children = (
				C2A2FC5F1C9A5A790061A856 /* AFNetworking */,
				5BFC04F91C9690EF007B0CFE /* MoEShoppings */,
				5BFC04F81C9690EF007B0CFE /* Products */,
			);
			sourceTree = "<group>";
		};
		5BFC04F81C9690EF007B0CFE /* Products */ = {
			isa = PBXGroup;
			children = (
				5BFC04F71C9690EF007B0CFE /* MoEShoppings.app */,
			);
			name = Products;
			sourceTree = "<group>";
		};
		5BFC04F91C9690EF007B0CFE /* MoEShoppings */ = {
			isa = PBXGroup;
			children = (
				5BFC051E1C969480007B0CFE /* Main */,
				5BFC051F1C969480007B0CFE /* MoEShoppings */,
				5BFC05191C969480007B0CFE /* Hot */,
				5BFC05151C969480007B0CFE /* Classify */,
				5BFC05231C969480007B0CFE /* My */,
				C2A2FC511C9A59840061A856 /* Lib */,
				5BFC05141C969480007B0CFE /* Category */,
				5BFC05271C969480007B0CFE /* Others */,
				5BF86C4A1C9F815900F10A69 /* Tools */,
				5BFC05061C9690EF007B0CFE /* Assets.xcassets */,
				5BFC05081C9690EF007B0CFE /* LaunchScreen.storyboard */,
				5BFC050B1C9690EF007B0CFE /* Info.plist */,
				5BFC04FA1C9690EF007B0CFE /* Supporting Files */,
			);
			path = MoEShoppings;
			sourceTree = "<group>";
		};
		5BFC04FA1C9690EF007B0CFE /* Supporting Files */ = {
			isa = PBXGroup;
			children = (
				5BFC04FB1C9690EF007B0CFE /* main.m */,
			);
			name = "Supporting Files";
			sourceTree = "<group>";
		};
		5BFC05141C969480007B0CFE /* Category */ = {
			isa = PBXGroup;
			children = (
			);
			path = Category;
			sourceTree = "<group>";
		};
		5BFC05151C969480007B0CFE /* Classify */ = {
			isa = PBXGroup;
			children = (
				5BFC05161C969480007B0CFE /* Controller */,
				C2A2FC5B1C9A5A200061A856 /* View */,
				C2A2FC571C9A5A140061A856 /* Model */,
			);
			path = Classify;
			sourceTree = "<group>";
		};
		5BFC05161C969480007B0CFE /* Controller */ = {
			isa = PBXGroup;
			children = (
				5BFC052E1C9695ED007B0CFE /* ClassifyTableViewController.h */,
				5BFC052F1C9695ED007B0CFE /* ClassifyTableViewController.m */,
			);
			path = Controller;
			sourceTree = "<group>";
		};
		5BFC05191C969480007B0CFE /* Hot */ = {
			isa = PBXGroup;
			children = (
				5BFC051A1C969480007B0CFE /* Controller */,
				5BFC051B1C969480007B0CFE /* Model */,
				5BFC051C1C969480007B0CFE /* View */,
			);
			path = Hot;
			sourceTree = "<group>";
		};
		5BFC051A1C969480007B0CFE /* Controller */ = {
			isa = PBXGroup;
			children = (
				5BFC052B1C9695A0007B0CFE /* HotCollectionViewController.h */,
				5BFC052C1C9695A0007B0CFE /* HotCollectionViewController.m */,
				5BF86C7D1C9F825800F10A69 /* ListViewController.h */,
				5BF86C7E1C9F825800F10A69 /* ListViewController.m */,
			);
			path = Controller;
			sourceTree = "<group>";
		};
		5BFC051B1C969480007B0CFE /* Model */ = {
			isa = PBXGroup;
			children = (
				5BF86C441C9F812600F10A69 /* Model.h */,
				5BF86C451C9F812600F10A69 /* Model.m */,
				5BF86C461C9F812600F10A69 /* RunModel.h */,
				5BF86C471C9F812600F10A69 /* RunModel.m */,
			);
			path = Model;
			sourceTree = "<group>";
		};
		5BFC051C1C969480007B0CFE /* View */ = {
			isa = PBXGroup;
			children = (
				5BF86C401C9F810600F10A69 /* HotCollectionViewCell.h */,
				5BF86C411C9F810600F10A69 /* HotCollectionViewCell.m */,
				5BF86C421C9F810600F10A69 /* PrefixHeader.pch */,
			);
			path = View;
			sourceTree = "<group>";
		};
		5BFC051E1C969480007B0CFE /* Main */ = {
			isa = PBXGroup;
			children = (
				5BFC04FD1C9690EF007B0CFE /* AppDelegate.h */,
				5BFC04FE1C9690EF007B0CFE /* AppDelegate.m */,
				5BFC05341C96981C007B0CFE /* MainTabBarController.h */,
				5BFC05351C96981C007B0CFE /* MainTabBarController.m */,
				5BFC05031C9690EF007B0CFE /* Main.storyboard */,
			);
			path = Main;
			sourceTree = "<group>";
		};
		5BFC051F1C969480007B0CFE /* MoEShoppings */ = {
			isa = PBXGroup;
			children = (
				5BFC05201C969480007B0CFE /* Controller */,
				5B171DAF1C9A60FA00409AA8 /* Model */,
				5B171DAB1C9A60F400409AA8 /* View */,
				5B171DA51C9A60E900409AA8 /* Cell */,
			);
			path = MoEShoppings;
			sourceTree = "<group>";
		};
		5BFC05201C969480007B0CFE /* Controller */ = {
			isa = PBXGroup;
			children = (
				5BFC05281C969572007B0CFE /* MoEShoppingsTableViewController.h */,
				5BFC05291C969572007B0CFE /* MoEShoppingsTableViewController.m */,
				5BBD77F41C9B92E000FED034 /* MoEShoppingsViewController.h */,
				5BBD77F51C9B92E000FED034 /* MoEShoppingsViewController.m */,
				5BBD78101C9BD68B00FED034 /* SelectionViewController.h */,
				5BBD78111C9BD68B00FED034 /* SelectionViewController.m */,
				5BBD77F71C9B9C0100FED034 /* GiftViewController.h */,
				5BBD77F81C9B9C0100FED034 /* GiftViewController.m */,
				5BBD77FA1C9B9C1200FED034 /* MOEThingsViewController.h */,
				5BBD77FB1C9B9C1200FED034 /* MOEThingsViewController.m */,
				5BBD77FD1C9B9D0300FED034 /* DelicousFoodViewController.h */,
				5BBD77FE1C9B9D0300FED034 /* DelicousFoodViewController.m */,
				5BBD78001C9B9D4B00FED034 /* DigitalViewController.h */,
				5BBD78011C9B9D4B00FED034 /* DigitalViewController.m */,
				5BBD78031C9B9D6E00FED034 /* AnimationViewController.h */,
				5BBD78041C9B9D6E00FED034 /* AnimationViewController.m */,
				5BBD78061C9B9DAC00FED034 /* StationaryViewController.h */,
				5BBD78071C9B9DAC00FED034 /* StationaryViewController.m */,
				5BBD78091C9B9DB900FED034 /* SportViewController.h */,
				5BBD780A1C9B9DB900FED034 /* SportViewController.m */,
			);
			path = Controller;
			sourceTree = "<group>";
		};
		5BFC05231C969480007B0CFE /* My */ = {
			isa = PBXGroup;
			children = (
				5BFC05241C969480007B0CFE /* Controller */,
				5BFC05251C969480007B0CFE /* Model */,
				5BFC05261C969480007B0CFE /* View */,
			);
			path = My;
			sourceTree = "<group>";
		};
		5BFC05241C969480007B0CFE /* Controller */ = {
			isa = PBXGroup;
			children = (
				5BFC05311C9695FB007B0CFE /* MyViewController.h */,
				5BFC05321C9695FB007B0CFE /* MyViewController.m */,
			);
			path = Controller;
			sourceTree = "<group>";
		};
		5BFC05251C969480007B0CFE /* Model */ = {
			isa = PBXGroup;
			children = (
			);
			path = Model;
			sourceTree = "<group>";
		};
		5BFC05261C969480007B0CFE /* View */ = {
			isa = PBXGroup;
			children = (
				C21A80E21C992EE600512E8D /* MyFirstTableViewCell.h */,
				C21A80E31C992EE600512E8D /* MyFirstTableViewCell.m */,
				C21A80D31C98EF8E00512E8D /* HeaderTableViewCell.h */,
				C21A80D41C98EF8E00512E8D /* HeaderTableViewCell.m */,
				C21A80D61C98F86900512E8D /* SegmentTableViewCell.h */,
				C21A80D71C98F86900512E8D /* SegmentTableViewCell.m */,
				C21A80D91C98FEBD00512E8D /* MyComTableViewController.h */,
				C21A80DA1C98FEBD00512E8D /* MyComTableViewController.m */,
				C21A80DC1C98FEDD00512E8D /* MySpeTableViewController.h */,
				C21A80DD1C98FEDD00512E8D /* MySpeTableViewController.m */,
			);
			path = View;
			sourceTree = "<group>";
		};
		5BFC05271C969480007B0CFE /* Others */ = {
			isa = PBXGroup;
			children = (
			);
			path = Others;
			sourceTree = "<group>";
		};
		C2A2FC511C9A59840061A856 /* Lib */ = {
			isa = PBXGroup;
			children = (
				5BBD780C1C9BD17100FED034 /* XLScrollViewer */,
				C2A2FC521C9A59840061A856 /* PrefixHeader.pch */,
				C2A2FC531C9A59840061A856 /* SpecialRequset.h */,
				C2A2FC541C9A59840061A856 /* SpecialRequset.m */,
				C2A2FC551C9A59840061A856 /* Url.h */,
			);
			path = Lib;
			sourceTree = "<group>";
		};
		C2A2FC571C9A5A140061A856 /* Model */ = {
			isa = PBXGroup;
			children = (
				C2A2FC581C9A5A140061A856 /* SpecialModel.h */,
				C2A2FC591C9A5A140061A856 /* SpecialModel.m */,
			);
			path = Model;
			sourceTree = "<group>";
		};
		C2A2FC5B1C9A5A200061A856 /* View */ = {
			isa = PBXGroup;
			children = (
				C2A2FC5C1C9A5A200061A856 /* ClassifyTableViewCell.h */,
				C2A2FC5D1C9A5A200061A856 /* ClassifyTableViewCell.m */,
			);
			path = View;
			sourceTree = "<group>";
		};
		C2A2FC5F1C9A5A790061A856 /* AFNetworking */ = {
			isa = PBXGroup;
			children = (
				C2A2FC601C9A5A790061A856 /* AFHTTPSessionManager.h */,
				C2A2FC611C9A5A790061A856 /* AFHTTPSessionManager.m */,
				C2A2FC621C9A5A790061A856 /* AFNetworking.h */,
				C2A2FC631C9A5A790061A856 /* AFNetworkReachabilityManager.h */,
				C2A2FC641C9A5A790061A856 /* AFNetworkReachabilityManager.m */,
				C2A2FC651C9A5A790061A856 /* AFSecurityPolicy.h */,
				C2A2FC661C9A5A790061A856 /* AFSecurityPolicy.m */,
				C2A2FC671C9A5A790061A856 /* AFURLRequestSerialization.h */,
				C2A2FC681C9A5A790061A856 /* AFURLRequestSerialization.m */,
				C2A2FC691C9A5A790061A856 /* AFURLResponseSerialization.h */,
				C2A2FC6A1C9A5A790061A856 /* AFURLResponseSerialization.m */,
				C2A2FC6B1C9A5A790061A856 /* AFURLSessionManager.h */,
				C2A2FC6C1C9A5A790061A856 /* AFURLSessionManager.m */,
			);
			path = AFNetworking;
			sourceTree = "<group>";
		};
/* End PBXGroup section */

/* Begin PBXNativeTarget section */
		5BFC04F61C9690EF007B0CFE /* MoEShoppings */ = {
			isa = PBXNativeTarget;
			buildConfigurationList = 5BFC050E1C9690EF007B0CFE /* Build configuration list for PBXNativeTarget "MoEShoppings" */;
			buildPhases = (
				5BFC04F31C9690EF007B0CFE /* Sources */,
				5BFC04F41C9690EF007B0CFE /* Frameworks */,
				5BFC04F51C9690EF007B0CFE /* Resources */,
			);
			buildRules = (
			);
			dependencies = (
			);
			name = MoEShoppings;
			productName = MoEShoppings;
			productReference = 5BFC04F71C9690EF007B0CFE /* MoEShoppings.app */;
			productType = "com.apple.product-type.application";
		};
/* End PBXNativeTarget section */

/* Begin PBXProject section */
		5BFC04EF1C9690EF007B0CFE /* Project object */ = {
			isa = PBXProject;
			attributes = {
				LastUpgradeCheck = 0700;
				ORGANIZATIONNAME = dr.m;
				TargetAttributes = {
					5BFC04F61C9690EF007B0CFE = {
						CreatedOnToolsVersion = 7.0;
					};
				};
			};
			buildConfigurationList = 5BFC04F21C9690EF007B0CFE /* Build configuration list for PBXProject "MoEShoppings" */;
			compatibilityVersion = "Xcode 3.2";
			developmentRegion = English;
			hasScannedForEncodings = 0;
			knownRegions = (
				en,
				Base,
			);
			mainGroup = 5BFC04EE1C9690EF007B0CFE;
			productRefGroup = 5BFC04F81C9690EF007B0CFE /* Products */;
			projectDirPath = "";
			projectRoot = "";
			targets = (
				5BFC04F61C9690EF007B0CFE /* MoEShoppings */,
			);
		};
/* End PBXProject section */

/* Begin PBXResourcesBuildPhase section */
		5BFC04F51C9690EF007B0CFE /* Resources */ = {
			isa = PBXResourcesBuildPhase;
			buildActionMask = 2147483647;
			files = (
				5BFC050A1C9690EF007B0CFE /* LaunchScreen.storyboard in Resources */,
				5BFC05071C9690EF007B0CFE /* Assets.xcassets in Resources */,
				5BFC05051C9690EF007B0CFE /* Main.storyboard in Resources */,
				5B171DA91C9A60E900409AA8 /* aaaa.png in Resources */,
			);
			runOnlyForDeploymentPostprocessing = 0;
		};
/* End PBXResourcesBuildPhase section */

/* Begin PBXSourcesBuildPhase section */
		5BFC04F31C9690EF007B0CFE /* Sources */ = {
			isa = PBXSourcesBuildPhase;
			buildActionMask = 2147483647;
			files = (
				5BF86C791C9F815900F10A69 /* UIImageView+HighlightedWebCache.m in Sources */,
				5BFC04FF1C9690EF007B0CFE /* AppDelegate.m in Sources */,
				5BFC05361C96981C007B0CFE /* MainTabBarController.m in Sources */,
				C21A80E41C992EE600512E8D /* MyFirstTableViewCell.m in Sources */,
				C2A2FC721C9A5A790061A856 /* AFURLSessionManager.m in Sources */,
				5BF983971C9BFF5300E118C4 /* TopScrollModel.m in Sources */,
				5BF86C771C9F815900F10A69 /* UIImage+GIF.m in Sources */,
				5BFC05301C9695ED007B0CFE /* ClassifyTableViewController.m in Sources */,
				5BF86C731C9F815900F10A69 /* SDWebImageDownloaderOperation.m in Sources */,
				C21A80DE1C98FEDD00512E8D /* MySpeTableViewController.m in Sources */,
				C21A80DB1C98FEBD00512E8D /* MyComTableViewController.m in Sources */,
				5BBD78021C9B9D4B00FED034 /* DigitalViewController.m in Sources */,
				5BBD77FC1C9B9C1200FED034 /* MOEThingsViewController.m in Sources */,
				5BF86C6E1C9F815900F10A69 /* NSData+ImageContentType.m in Sources */,
				5BF86C7A1C9F815900F10A69 /* UIImageView+WebCache.m in Sources */,
				5BBD78051C9B9D6E00FED034 /* AnimationViewController.m in Sources */,
				5BF9839A1C9C057B00E118C4 /* ScrollButtonTableViewCell.m in Sources */,
				5BF86C431C9F810600F10A69 /* HotCollectionViewCell.m in Sources */,
				5BFC052D1C9695A0007B0CFE /* HotCollectionViewController.m in Sources */,
				5BBD78121C9BD68B00FED034 /* SelectionViewController.m in Sources */,
				5B171DAE1C9A60F400409AA8 /* TopScrollTableViewCell.m in Sources */,
				C2A2FC6D1C9A5A790061A856 /* AFHTTPSessionManager.m in Sources */,
				5BBD77F61C9B92E000FED034 /* MoEShoppingsViewController.m in Sources */,
				5BF86C7C1C9F815900F10A69 /* ToolData.m in Sources */,
				5BF86C701C9F815900F10A69 /* SDWebImageCompat.m in Sources */,
				5BF86C781C9F815900F10A69 /* UIImage+MultiFormat.m in Sources */,
				C21A80D51C98EF8E00512E8D /* HeaderTableViewCell.m in Sources */,
				5BFC052A1C969572007B0CFE /* MoEShoppingsTableViewController.m in Sources */,
				5BF86C741C9F815900F10A69 /* SDWebImageManager.m in Sources */,
				5BF86C6F1C9F815900F10A69 /* SDImageCache.m in Sources */,
				5BBD780F1C9BD17100FED034 /* XLScrollViewer.m in Sources */,
				5BF86C751C9F815900F10A69 /* SDWebImagePrefetcher.m in Sources */,
				5BBD780B1C9B9DB900FED034 /* SportViewController.m in Sources */,
				C2A2FC6F1C9A5A790061A856 /* AFSecurityPolicy.m in Sources */,
				5BBD77FF1C9B9D0300FED034 /* DelicousFoodViewController.m in Sources */,
				5BF86C7F1C9F825800F10A69 /* ListViewController.m in Sources */,
				C2A2FC5A1C9A5A140061A856 /* SpecialModel.m in Sources */,
				5BF86C491C9F812600F10A69 /* RunModel.m in Sources */,
				C2A2FC701C9A5A790061A856 /* AFURLRequestSerialization.m in Sources */,
				5BF86C711C9F815900F10A69 /* SDWebImageDecoder.m in Sources */,
				C2A2FC6E1C9A5A790061A856 /* AFNetworkReachabilityManager.m in Sources */,
				C2A2FC711C9A5A790061A856 /* AFURLResponseSerialization.m in Sources */,
				5BF86C6D1C9F815900F10A69 /* DataHandle.m in Sources */,
				5BF86C761C9F815900F10A69 /* UIButton+WebCache.m in Sources */,
				5BFC04FC1C9690EF007B0CFE /* main.m in Sources */,
				5BF86C7B1C9F815900F10A69 /* UIView+WebCacheOperation.m in Sources */,
				C2A2FC561C9A59840061A856 /* SpecialRequset.m in Sources */,
				5BF86C721C9F815900F10A69 /* SDWebImageDownloader.m in Sources */,
				5BBD78081C9B9DAC00FED034 /* StationaryViewController.m in Sources */,
				5BBD77F91C9B9C0100FED034 /* GiftViewController.m in Sources */,
				5B171DAA1C9A60E900409AA8 /* MoeShowTableViewCell.m in Sources */,
				C2A2FC5E1C9A5A200061A856 /* ClassifyTableViewCell.m in Sources */,
				5BFC05331C9695FB007B0CFE /* MyViewController.m in Sources */,
				5BF86C481C9F812600F10A69 /* Model.m in Sources */,
				C21A80D81C98F86900512E8D /* SegmentTableViewCell.m in Sources */,
			);
			runOnlyForDeploymentPostprocessing = 0;
		};
/* End PBXSourcesBuildPhase section */

/* Begin PBXVariantGroup section */
		5BFC05031C9690EF007B0CFE /* Main.storyboard */ = {
			isa = PBXVariantGroup;
			children = (
				5BFC05041C9690EF007B0CFE /* Base */,
			);
			name = Main.storyboard;
			path = ..;
			sourceTree = "<group>";
		};
		5BFC05081C9690EF007B0CFE /* LaunchScreen.storyboard */ = {
			isa = PBXVariantGroup;
			children = (
				5BFC05091C9690EF007B0CFE /* Base */,
			);
			name = LaunchScreen.storyboard;
			sourceTree = "<group>";
		};
/* End PBXVariantGroup section */

/* Begin XCBuildConfiguration section */
		5BFC050C1C9690EF007B0CFE /* Debug */ = {
			isa = XCBuildConfiguration;
			buildSettings = {
				ALWAYS_SEARCH_USER_PATHS = NO;
				CLANG_CXX_LANGUAGE_STANDARD = "gnu++0x";
				CLANG_CXX_LIBRARY = "libc++";
				CLANG_ENABLE_MODULES = YES;
				CLANG_ENABLE_OBJC_ARC = YES;
				CLANG_WARN_BOOL_CONVERSION = YES;
				CLANG_WARN_CONSTANT_CONVERSION = YES;
				CLANG_WARN_DIRECT_OBJC_ISA_USAGE = YES_ERROR;
				CLANG_WARN_EMPTY_BODY = YES;
				CLANG_WARN_ENUM_CONVERSION = YES;
				CLANG_WARN_INT_CONVERSION = YES;
				CLANG_WARN_OBJC_ROOT_CLASS = YES_ERROR;
				CLANG_WARN_UNREACHABLE_CODE = YES;
				CLANG_WARN__DUPLICATE_METHOD_MATCH = YES;
				"CODE_SIGN_IDENTITY[sdk=iphoneos*]" = "iPhone Developer";
				COPY_PHASE_STRIP = NO;
				DEBUG_INFORMATION_FORMAT = dwarf;
				ENABLE_STRICT_OBJC_MSGSEND = YES;
				ENABLE_TESTABILITY = YES;
				GCC_C_LANGUAGE_STANDARD = gnu99;
				GCC_DYNAMIC_NO_PIC = NO;
				GCC_NO_COMMON_BLOCKS = YES;
				GCC_OPTIMIZATION_LEVEL = 0;
				GCC_PREFIX_HEADER = "/Users/dr.m/Desktop/TEAM PROGRAM/MoEShoppings/MoEShoppings/Hot/View/PrefixHeader.pch";
				GCC_PREPROCESSOR_DEFINITIONS = (
					"DEBUG=1",
					"$(inherited)",
				);
				GCC_WARN_64_TO_32_BIT_CONVERSION = YES;
				GCC_WARN_ABOUT_RETURN_TYPE = YES_ERROR;
				GCC_WARN_UNDECLARED_SELECTOR = YES;
				GCC_WARN_UNINITIALIZED_AUTOS = YES_AGGRESSIVE;
				GCC_WARN_UNUSED_FUNCTION = YES;
				GCC_WARN_UNUSED_VARIABLE = YES;
				IPHONEOS_DEPLOYMENT_TARGET = 8.1;
				MTL_ENABLE_DEBUG_INFO = YES;
				ONLY_ACTIVE_ARCH = YES;
				SDKROOT = iphoneos;
			};
			name = Debug;
		};
		5BFC050D1C9690EF007B0CFE /* Release */ = {
			isa = XCBuildConfiguration;
			buildSettings = {
				ALWAYS_SEARCH_USER_PATHS = NO;
				CLANG_CXX_LANGUAGE_STANDARD = "gnu++0x";
				CLANG_CXX_LIBRARY = "libc++";
				CLANG_ENABLE_MODULES = YES;
				CLANG_ENABLE_OBJC_ARC = YES;
				CLANG_WARN_BOOL_CONVERSION = YES;
				CLANG_WARN_CONSTANT_CONVERSION = YES;
				CLANG_WARN_DIRECT_OBJC_ISA_USAGE = YES_ERROR;
				CLANG_WARN_EMPTY_BODY = YES;
				CLANG_WARN_ENUM_CONVERSION = YES;
				CLANG_WARN_INT_CONVERSION = YES;
				CLANG_WARN_OBJC_ROOT_CLASS = YES_ERROR;
				CLANG_WARN_UNREACHABLE_CODE = YES;
				CLANG_WARN__DUPLICATE_METHOD_MATCH = YES;
				"CODE_SIGN_IDENTITY[sdk=iphoneos*]" = "iPhone Developer";
				COPY_PHASE_STRIP = NO;
				DEBUG_INFORMATION_FORMAT = "dwarf-with-dsym";
				ENABLE_NS_ASSERTIONS = NO;
				ENABLE_STRICT_OBJC_MSGSEND = YES;
				GCC_C_LANGUAGE_STANDARD = gnu99;
				GCC_NO_COMMON_BLOCKS = YES;
				GCC_PREFIX_HEADER = "/Users/dr.m/Desktop/TEAM PROGRAM/MoEShoppings/MoEShoppings/Hot/View/PrefixHeader.pch";
				GCC_WARN_64_TO_32_BIT_CONVERSION = YES;
				GCC_WARN_ABOUT_RETURN_TYPE = YES_ERROR;
				GCC_WARN_UNDECLARED_SELECTOR = YES;
				GCC_WARN_UNINITIALIZED_AUTOS = YES_AGGRESSIVE;
				GCC_WARN_UNUSED_FUNCTION = YES;
				GCC_WARN_UNUSED_VARIABLE = YES;
				IPHONEOS_DEPLOYMENT_TARGET = 8.1;
				MTL_ENABLE_DEBUG_INFO = NO;
				SDKROOT = iphoneos;
				VALIDATE_PRODUCT = YES;
			};
			name = Release;
		};
		5BFC050F1C9690EF007B0CFE /* Debug */ = {
			isa = XCBuildConfiguration;
			buildSettings = {
				ASSETCATALOG_COMPILER_APPICON_NAME = AppIcon;
				INFOPLIST_FILE = MoEShoppings/Info.plist;
				LD_RUNPATH_SEARCH_PATHS = "$(inherited) @executable_path/Frameworks";
				PRODUCT_BUNDLE_IDENTIFIER = dr.m.MoEShoppings;
				PRODUCT_NAME = "$(TARGET_NAME)";
			};
			name = Debug;
		};
		5BFC05101C9690EF007B0CFE /* Release */ = {
			isa = XCBuildConfiguration;
			buildSettings = {
				ASSETCATALOG_COMPILER_APPICON_NAME = AppIcon;
				INFOPLIST_FILE = MoEShoppings/Info.plist;
				LD_RUNPATH_SEARCH_PATHS = "$(inherited) @executable_path/Frameworks";
				PRODUCT_BUNDLE_IDENTIFIER = dr.m.MoEShoppings;
				PRODUCT_NAME = "$(TARGET_NAME)";
			};
			name = Release;
		};
/* End XCBuildConfiguration section */

/* Begin XCConfigurationList section */
		5BFC04F21C9690EF007B0CFE /* Build configuration list for PBXProject "MoEShoppings" */ = {
			isa = XCConfigurationList;
			buildConfigurations = (
				5BFC050C1C9690EF007B0CFE /* Debug */,
				5BFC050D1C9690EF007B0CFE /* Release */,
			);
			defaultConfigurationIsVisible = 0;
			defaultConfigurationName = Release;
		};
		5BFC050E1C9690EF007B0CFE /* Build configuration list for PBXNativeTarget "MoEShoppings" */ = {
			isa = XCConfigurationList;
			buildConfigurations = (
				5BFC050F1C9690EF007B0CFE /* Debug */,
				5BFC05101C9690EF007B0CFE /* Release */,
			);
			defaultConfigurationIsVisible = 0;
			defaultConfigurationName = Release;
		};
/* End XCConfigurationList section */
	};
	rootObject = 5BFC04EF1C9690EF007B0CFE /* Project object */;
}
